
Microsoft Visual Studio Solution File, Format Version 12.00
# Visual Studio Version 17
VisualStudioVersion = 17.3.32811.315
MinimumVisualStudioVersion = 10.0.40219.1
Project("{FAE04EC0-301F-11D3-BF4B-00C04F79EFBC}") = "Cliente", "Cliente\Cliente.csproj", "{FFFDE7C2-37E6-4770-B802-AC6010C7F960}"
EndProject
Global
	GlobalSection(SolutionConfigurationPlatforms) = preSolution
		Debug|Any CPU = Debug|Any CPU
		Release|Any CPU = Release|Any CPU
	EndGlobalSection
	GlobalSection(ProjectConfigurationPlatforms) = postSolution
		{FFFDE7C2-37E6-4770-B802-AC6010C7F960}.Debug|Any CPU.ActiveCfg = Debug|Any CPU
		{FFFDE7C2-37E6-4770-B802-AC6010C7F960}.Debug|Any CPU.Build.0 = Debug|Any CPU
		{FFFDE7C2-37E6-4770-B802-AC6010C7F960}.Release|Any CPU.ActiveCfg = Release|Any CPU
		{FFFDE7C2-37E6-4770-B802-AC6010C7F960}.Release|Any CPU.Build.0 = Release|Any CPU
	EndGlobalSection
	GlobalSection(SolutionProperties) = preSolution
		HideSolutionNode = FALSE
	EndGlobalSection
	GlobalSection(ExtensibilityGlobals) = postSolution
		SolutionGuid = {A3807F51-9F99-4DE0-9208-5397752829B7}
	EndGlobalSection
EndGlobal
